
Microsoft Visual Studio Solution File, Format Version 12.00
# Visual Studio 15
VisualStudioVersion = 15.0.27130.2024
MinimumVisualStudioVersion = 10.0.40219.1
Project("{2150E333-8FDC-42A3-9474-1A3956D46DE8}") = "Data", "Data", "{6B951102-15C7-40C9-A255-AFE03D2420A0}"
EndProject
Project("{2150E333-8FDC-42A3-9474-1A3956D46DE8}") = "Repository", "Repository", "{8F5F9169-6885-430D-B22E-F4E94229C8EB}"
EndProject
Project("{2150E333-8FDC-42A3-9474-1A3956D46DE8}") = "Services", "Services", "{E846AC7D-A60B-493E-B341-41858DF58565}"
EndProject
Project("{2150E333-8FDC-42A3-9474-1A3956D46DE8}") = "Tests", "Tests", "{F09746F1-2BB9-4652-AD64-1A65D87F8B53}"
EndProject
Project("{9A19103F-16F7-4668-BE54-9A1E7A4F7556}") = "Otiport.Entities", "Otiport.Entities\Otiport.Entities.csproj", "{CD128834-2EA0-4B39-B085-D6AB5CCD0EA9}"
EndProject
Project("{9A19103F-16F7-4668-BE54-9A1E7A4F7556}") = "Otiport.DTOs", "Otiport.DTOs\Otiport.DTOs.csproj", "{E3AB47C8-7B4D-4D3B-8EC7-F7A30FC3D2D9}"
EndProject
Project("{9A19103F-16F7-4668-BE54-9A1E7A4F7556}") = "Otiport.Repository", "Otiport.Repository\Otiport.Repository.csproj", "{486DE42D-A14D-4DD3-B197-795509BAF158}"
EndProject
Project("{9A19103F-16F7-4668-BE54-9A1E7A4F7556}") = "Otiport.Services", "Otiport.Services\Otiport.Services.csproj", "{56ADC959-D896-4C84-BCA0-D361B726C336}"
EndProject
Project("{2150E333-8FDC-42A3-9474-1A3956D46DE8}") = "Models", "Models", "{9AF62580-CE84-45DD-9E51-107A08E4DDDB}"
EndProject
Project("{9A19103F-16F7-4668-BE54-9A1E7A4F7556}") = "Otiport.Models", "Otiport.Models\Otiport.Models.csproj", "{6D4644C3-7988-4A5F-9009-52000AB1BBED}"
EndProject
Project("{2150E333-8FDC-42A3-9474-1A3956D46DE8}") = "Common", "Common", "{CE0DFC05-8AB3-4790-AEAB-45420BE37761}"
EndProject
Project("{9A19103F-16F7-4668-BE54-9A1E7A4F7556}") = "Otiport.Util", "Otiport.Util\Otiport.Util.csproj", "{17AC2F5F-507E-4AF9-A50B-E0364D139E21}"
EndProject
Project("{9A19103F-16F7-4668-BE54-9A1E7A4F7556}") = "Otiport.Tests", "Otiport.Tests\Otiport.Tests.csproj", "{C8A3C75B-C0A2-4ACF-A7F8-CA656D82E420}"
EndProject
Project("{9A19103F-16F7-4668-BE54-9A1E7A4F7556}") = "Otiport.API", "Otiport.API\Otiport.API.csproj", "{A51C683C-D9E4-4E6F-B5A9-9D24A7E03650}"
EndProject
Global
	GlobalSection(SolutionConfigurationPlatforms) = preSolution
		Debug|Any CPU = Debug|Any CPU
		Debug|x86 = Debug|x86
		Release|Any CPU = Release|Any CPU
		Release|x86 = Release|x86
	EndGlobalSection
	GlobalSection(ProjectConfigurationPlatforms) = postSolution
		{CD128834-2EA0-4B39-B085-D6AB5CCD0EA9}.Debug|Any CPU.ActiveCfg = Debug|Any CPU
		{CD128834-2EA0-4B39-B085-D6AB5CCD0EA9}.Debug|Any CPU.Build.0 = Debug|Any CPU
		{CD128834-2EA0-4B39-B085-D6AB5CCD0EA9}.Debug|x86.ActiveCfg = Debug|Any CPU
		{CD128834-2EA0-4B39-B085-D6AB5CCD0EA9}.Debug|x86.Build.0 = Debug|Any CPU
		{CD128834-2EA0-4B39-B085-D6AB5CCD0EA9}.Release|Any CPU.ActiveCfg = Release|Any CPU
		{CD128834-2EA0-4B39-B085-D6AB5CCD0EA9}.Release|Any CPU.Build.0 = Release|Any CPU
		{CD128834-2EA0-4B39-B085-D6AB5CCD0EA9}.Release|x86.ActiveCfg = Release|Any CPU
		{CD128834-2EA0-4B39-B085-D6AB5CCD0EA9}.Release|x86.Build.0 = Release|Any CPU
		{E3AB47C8-7B4D-4D3B-8EC7-F7A30FC3D2D9}.Debug|Any CPU.ActiveCfg = Debug|Any CPU
		{E3AB47C8-7B4D-4D3B-8EC7-F7A30FC3D2D9}.Debug|Any CPU.Build.0 = Debug|Any CPU
		{E3AB47C8-7B4D-4D3B-8EC7-F7A30FC3D2D9}.Debug|x86.ActiveCfg = Debug|Any CPU
		{E3AB47C8-7B4D-4D3B-8EC7-F7A30FC3D2D9}.Debug|x86.Build.0 = Debug|Any CPU
		{E3AB47C8-7B4D-4D3B-8EC7-F7A30FC3D2D9}.Release|Any CPU.ActiveCfg = Release|Any CPU
		{E3AB47C8-7B4D-4D3B-8EC7-F7A30FC3D2D9}.Release|Any CPU.Build.0 = Release|Any CPU
		{E3AB47C8-7B4D-4D3B-8EC7-F7A30FC3D2D9}.Release|x86.ActiveCfg = Release|Any CPU
		{E3AB47C8-7B4D-4D3B-8EC7-F7A30FC3D2D9}.Release|x86.Build.0 = Release|Any CPU
		{486DE42D-A14D-4DD3-B197-795509BAF158}.Debug|Any CPU.ActiveCfg = Debug|Any CPU
		{486DE42D-A14D-4DD3-B197-795509BAF158}.Debug|Any CPU.Build.0 = Debug|Any CPU
		{486DE42D-A14D-4DD3-B197-795509BAF158}.Debug|x86.ActiveCfg = Debug|Any CPU
		{486DE42D-A14D-4DD3-B197-795509BAF158}.Debug|x86.Build.0 = Debug|Any CPU
		{486DE42D-A14D-4DD3-B197-795509BAF158}.Release|Any CPU.ActiveCfg = Release|Any CPU
		{486DE42D-A14D-4DD3-B197-795509BAF158}.Release|Any CPU.Build.0 = Release|Any CPU
		{486DE42D-A14D-4DD3-B197-795509BAF158}.Release|x86.ActiveCfg = Release|Any CPU
		{486DE42D-A14D-4DD3-B197-795509BAF158}.Release|x86.Build.0 = Release|Any CPU
		{56ADC959-D896-4C84-BCA0-D361B726C336}.Debug|Any CPU.ActiveCfg = Debug|Any CPU
		{56ADC959-D896-4C84-BCA0-D361B726C336}.Debug|Any CPU.Build.0 = Debug|Any CPU
		{56ADC959-D896-4C84-BCA0-D361B726C336}.Debug|x86.ActiveCfg = Debug|Any CPU
		{56ADC959-D896-4C84-BCA0-D361B726C336}.Debug|x86.Build.0 = Debug|Any CPU
		{56ADC959-D896-4C84-BCA0-D361B726C336}.Release|Any CPU.ActiveCfg = Release|Any CPU
		{56ADC959-D896-4C84-BCA0-D361B726C336}.Release|Any CPU.Build.0 = Release|Any CPU
		{56ADC959-D896-4C84-BCA0-D361B726C336}.Release|x86.ActiveCfg = Release|Any CPU
		{56ADC959-D896-4C84-BCA0-D361B726C336}.Release|x86.Build.0 = Release|Any CPU
		{6D4644C3-7988-4A5F-9009-52000AB1BBED}.Debug|Any CPU.ActiveCfg = Debug|Any CPU
		{6D4644C3-7988-4A5F-9009-52000AB1BBED}.Debug|Any CPU.Build.0 = Debug|Any CPU
		{6D4644C3-7988-4A5F-9009-52000AB1BBED}.Debug|x86.ActiveCfg = Debug|Any CPU
		{6D4644C3-7988-4A5F-9009-52000AB1BBED}.Debug|x86.Build.0 = Debug|Any CPU
		{6D4644C3-7988-4A5F-9009-52000AB1BBED}.Release|Any CPU.ActiveCfg = Release|Any CPU
		{6D4644C3-7988-4A5F-9009-52000AB1BBED}.Release|Any CPU.Build.0 = Release|Any CPU
		{6D4644C3-7988-4A5F-9009-52000AB1BBED}.Release|x86.ActiveCfg = Release|Any CPU
		{6D4644C3-7988-4A5F-9009-52000AB1BBED}.Release|x86.Build.0 = Release|Any CPU
		{17AC2F5F-507E-4AF9-A50B-E0364D139E21}.Debug|Any CPU.ActiveCfg = Debug|Any CPU
		{17AC2F5F-507E-4AF9-A50B-E0364D139E21}.Debug|Any CPU.Build.0 = Debug|Any CPU
		{17AC2F5F-507E-4AF9-A50B-E0364D139E21}.Debug|x86.ActiveCfg = Debug|Any CPU
		{17AC2F5F-507E-4AF9-A50B-E0364D139E21}.Debug|x86.Build.0 = Debug|Any CPU
		{17AC2F5F-507E-4AF9-A50B-E0364D139E21}.Release|Any CPU.ActiveCfg = Release|Any CPU
		{17AC2F5F-507E-4AF9-A50B-E0364D139E21}.Release|Any CPU.Build.0 = Release|Any CPU
		{17AC2F5F-507E-4AF9-A50B-E0364D139E21}.Release|x86.ActiveCfg = Release|Any CPU
		{17AC2F5F-507E-4AF9-A50B-E0364D139E21}.Release|x86.Build.0 = Release|Any CPU
		{C8A3C75B-C0A2-4ACF-A7F8-CA656D82E420}.Debug|Any CPU.ActiveCfg = Debug|Any CPU
		{C8A3C75B-C0A2-4ACF-A7F8-CA656D82E420}.Debug|Any CPU.Build.0 = Debug|Any CPU
		{C8A3C75B-C0A2-4ACF-A7F8-CA656D82E420}.Debug|x86.ActiveCfg = Debug|Any CPU
		{C8A3C75B-C0A2-4ACF-A7F8-CA656D82E420}.Debug|x86.Build.0 = Debug|Any CPU
		{C8A3C75B-C0A2-4ACF-A7F8-CA656D82E420}.Release|Any CPU.ActiveCfg = Release|Any CPU
		{C8A3C75B-C0A2-4ACF-A7F8-CA656D82E420}.Release|Any CPU.Build.0 = Release|Any CPU
		{C8A3C75B-C0A2-4ACF-A7F8-CA656D82E420}.Release|x86.ActiveCfg = Release|Any CPU
		{C8A3C75B-C0A2-4ACF-A7F8-CA656D82E420}.Release|x86.Build.0 = Release|Any CPU
		{A51C683C-D9E4-4E6F-B5A9-9D24A7E03650}.Debug|Any CPU.ActiveCfg = Debug|Any CPU
		{A51C683C-D9E4-4E6F-B5A9-9D24A7E03650}.Debug|Any CPU.Build.0 = Debug|Any CPU
		{A51C683C-D9E4-4E6F-B5A9-9D24A7E03650}.Debug|x86.ActiveCfg = Debug|Any CPU
		{A51C683C-D9E4-4E6F-B5A9-9D24A7E03650}.Debug|x86.Build.0 = Debug|Any CPU
		{A51C683C-D9E4-4E6F-B5A9-9D24A7E03650}.Release|Any CPU.ActiveCfg = Release|Any CPU
		{A51C683C-D9E4-4E6F-B5A9-9D24A7E03650}.Release|Any CPU.Build.0 = Release|Any CPU
		{A51C683C-D9E4-4E6F-B5A9-9D24A7E03650}.Release|x86.ActiveCfg = Release|Any CPU
		{A51C683C-D9E4-4E6F-B5A9-9D24A7E03650}.Release|x86.Build.0 = Release|Any CPU
	EndGlobalSection
	GlobalSection(SolutionProperties) = preSolution
		HideSolutionNode = FALSE
	EndGlobalSection
	GlobalSection(NestedProjects) = preSolution
		{CD128834-2EA0-4B39-B085-D6AB5CCD0EA9} = {6B951102-15C7-40C9-A255-AFE03D2420A0}
		{E3AB47C8-7B4D-4D3B-8EC7-F7A30FC3D2D9} = {6B951102-15C7-40C9-A255-AFE03D2420A0}
		{486DE42D-A14D-4DD3-B197-795509BAF158} = {8F5F9169-6885-430D-B22E-F4E94229C8EB}
		{56ADC959-D896-4C84-BCA0-D361B726C336} = {E846AC7D-A60B-493E-B341-41858DF58565}
		{6D4644C3-7988-4A5F-9009-52000AB1BBED} = {9AF62580-CE84-45DD-9E51-107A08E4DDDB}
		{17AC2F5F-507E-4AF9-A50B-E0364D139E21} = {CE0DFC05-8AB3-4790-AEAB-45420BE37761}
		{C8A3C75B-C0A2-4ACF-A7F8-CA656D82E420} = {F09746F1-2BB9-4652-AD64-1A65D87F8B53}
	EndGlobalSection
	GlobalSection(ExtensibilityGlobals) = postSolution
		SolutionGuid = {3B217AAA-DD01-421A-A481-059F6587476B}
	EndGlobalSection
EndGlobal
